// !$*UTF8*$!
{
	archiveVersion = 1;
	classes = {
	};
	objectVersion = 46;
	objects = {

/* Begin PBXBuildFile section */
		OBJ_30 /* CommandLine.swift in Sources */ = {isa = PBXBuildFile; fileRef = OBJ_18 /* CommandLine.swift */; };
		OBJ_31 /* Option.swift in Sources */ = {isa = PBXBuildFile; fileRef = OBJ_19 /* Option.swift */; };
		OBJ_32 /* StringExtensions.swift in Sources */ = {isa = PBXBuildFile; fileRef = OBJ_20 /* StringExtensions.swift */; };
		OBJ_39 /* SocketProtocols.swift in Sources */ = {isa = PBXBuildFile; fileRef = OBJ_13 /* SocketProtocols.swift */; };
		OBJ_40 /* SocketUtils.swift in Sources */ = {isa = PBXBuildFile; fileRef = OBJ_14 /* SocketUtils.swift */; };
		OBJ_41 /* Socket.swift in Sources */ = {isa = PBXBuildFile; fileRef = OBJ_15 /* Socket.swift */; };
		OBJ_48 /* main.swift in Sources */ = {isa = PBXBuildFile; fileRef = OBJ_9 /* main.swift */; };
		OBJ_50 /* CommandLineKit.framework in Frameworks */ = {isa = PBXBuildFile; fileRef = OBJ_22 /* CommandLineKit.framework */; };
		OBJ_51 /* Socket.framework in Frameworks */ = {isa = PBXBuildFile; fileRef = OBJ_23 /* Socket.framework */; };
/* End PBXBuildFile section */

/* Begin PBXContainerItemProxy section */
		A958AE731F4B69B100F653C5 /* PBXContainerItemProxy */ = {
			isa = PBXContainerItemProxy;
			containerPortal = OBJ_1 /* Project object */;
			proxyType = 1;
			remoteGlobalIDString = OBJ_25;
			remoteInfo = CommandLineKit;
		};
		A958AE741F4B69B100F653C5 /* PBXContainerItemProxy */ = {
			isa = PBXContainerItemProxy;
			containerPortal = OBJ_1 /* Project object */;
			proxyType = 1;
			remoteGlobalIDString = OBJ_34;
			remoteInfo = Socket;
		};
/* End PBXContainerItemProxy section */

/* Begin PBXFileReference section */
		OBJ_13 /* SocketProtocols.swift */ = {isa = PBXFileReference; lastKnownFileType = sourcecode.swift; path = SocketProtocols.swift; sourceTree = "<group>"; };
		OBJ_14 /* SocketUtils.swift */ = {isa = PBXFileReference; lastKnownFileType = sourcecode.swift; path = SocketUtils.swift; sourceTree = "<group>"; };
		OBJ_15 /* Socket.swift */ = {isa = PBXFileReference; lastKnownFileType = sourcecode.swift; path = Socket.swift; sourceTree = "<group>"; };
		OBJ_18 /* CommandLine.swift */ = {isa = PBXFileReference; lastKnownFileType = sourcecode.swift; path = CommandLine.swift; sourceTree = "<group>"; };
		OBJ_19 /* Option.swift */ = {isa = PBXFileReference; lastKnownFileType = sourcecode.swift; path = Option.swift; sourceTree = "<group>"; };
		OBJ_20 /* StringExtensions.swift */ = {isa = PBXFileReference; lastKnownFileType = sourcecode.swift; path = StringExtensions.swift; sourceTree = "<group>"; };
		OBJ_22 /* CommandLineKit.framework */ = {isa = PBXFileReference; explicitFileType = wrapper.framework; path = CommandLineKit.framework; sourceTree = BUILT_PRODUCTS_DIR; };
		OBJ_23 /* Socket.framework */ = {isa = PBXFileReference; explicitFileType = wrapper.framework; path = Socket.framework; sourceTree = BUILT_PRODUCTS_DIR; };
		OBJ_24 /* PinballServer */ = {isa = PBXFileReference; lastKnownFileType = text; path = PinballServer; sourceTree = BUILT_PRODUCTS_DIR; };
		OBJ_6 /* Package.swift */ = {isa = PBXFileReference; explicitFileType = sourcecode.swift; path = Package.swift; sourceTree = "<group>"; };
		OBJ_9 /* main.swift */ = {isa = PBXFileReference; lastKnownFileType = sourcecode.swift; path = main.swift; sourceTree = "<group>"; };
/* End PBXFileReference section */

/* Begin PBXFrameworksBuildPhase section */
		OBJ_33 /* Frameworks */ = {
			isa = PBXFrameworksBuildPhase;
			buildActionMask = 0;
			files = (
			);
			runOnlyForDeploymentPostprocessing = 0;
		};
		OBJ_42 /* Frameworks */ = {
			isa = PBXFrameworksBuildPhase;
			buildActionMask = 0;
			files = (
			);
			runOnlyForDeploymentPostprocessing = 0;
		};
		OBJ_49 /* Frameworks */ = {
			isa = PBXFrameworksBuildPhase;
			buildActionMask = 0;
			files = (
				OBJ_50 /* CommandLineKit.framework in Frameworks */,
				OBJ_51 /* Socket.framework in Frameworks */,
			);
			runOnlyForDeploymentPostprocessing = 0;
		};
/* End PBXFrameworksBuildPhase section */

/* Begin PBXGroup section */
		OBJ_10 /* Tests */ = {
			isa = PBXGroup;
			children = (
			);
			name = Tests;
			sourceTree = SOURCE_ROOT;
		};
		OBJ_11 /* Dependencies */ = {
			isa = PBXGroup;
			children = (
				OBJ_12 /* Socket 0.12.61 */,
				OBJ_16 /* CommandLine 3.0.0-pre1 */,
			);
			name = Dependencies;
			sourceTree = "<group>";
		};
		OBJ_12 /* Socket 0.12.61 */ = {
			isa = PBXGroup;
			children = (
				OBJ_13 /* SocketProtocols.swift */,
				OBJ_14 /* SocketUtils.swift */,
				OBJ_15 /* Socket.swift */,
			);
			name = "Socket 0.12.61";
			path = ".build/checkouts/BlueSocket.git-3162807777605905816/Sources";
			sourceTree = SOURCE_ROOT;
		};
		OBJ_16 /* CommandLine 3.0.0-pre1 */ = {
			isa = PBXGroup;
			children = (
				OBJ_17 /* CommandLineKit */,
			);
			name = "CommandLine 3.0.0-pre1";
			sourceTree = SOURCE_ROOT;
		};
		OBJ_17 /* CommandLineKit */ = {
			isa = PBXGroup;
			children = (
				OBJ_18 /* CommandLine.swift */,
				OBJ_19 /* Option.swift */,
				OBJ_20 /* StringExtensions.swift */,
			);
			name = CommandLineKit;
			path = ".build/checkouts/CommandLine.git--2975222262383774978/CommandLineKit";
			sourceTree = SOURCE_ROOT;
		};
		OBJ_21 /* Products */ = {
			isa = PBXGroup;
			children = (
				OBJ_22 /* CommandLineKit.framework */,
				OBJ_23 /* Socket.framework */,
				OBJ_24 /* PinballServer */,
			);
			name = Products;
			sourceTree = BUILT_PRODUCTS_DIR;
		};
		OBJ_5 /*  */ = {
			isa = PBXGroup;
			children = (
				OBJ_6 /* Package.swift */,
				OBJ_7 /* Sources */,
				OBJ_10 /* Tests */,
				OBJ_11 /* Dependencies */,
				OBJ_21 /* Products */,
			);
			name = "";
			sourceTree = "<group>";
		};
		OBJ_7 /* Sources */ = {
			isa = PBXGroup;
			children = (
				OBJ_8 /* PinballServer */,
			);
			name = Sources;
			sourceTree = SOURCE_ROOT;
		};
		OBJ_8 /* PinballServer */ = {
			isa = PBXGroup;
			children = (
				OBJ_9 /* main.swift */,
			);
			name = PinballServer;
			path = Sources/PinballServer;
			sourceTree = SOURCE_ROOT;
		};
/* End PBXGroup section */

/* Begin PBXNativeTarget section */
		OBJ_25 /* CommandLineKit */ = {
			isa = PBXNativeTarget;
			buildConfigurationList = OBJ_26 /* Build configuration list for PBXNativeTarget "CommandLineKit" */;
			buildPhases = (
				OBJ_29 /* Sources */,
				OBJ_33 /* Frameworks */,
			);
			buildRules = (
			);
			dependencies = (
			);
			name = CommandLineKit;
			productName = CommandLineKit;
			productReference = OBJ_22 /* CommandLineKit.framework */;
			productType = "com.apple.product-type.framework";
		};
		OBJ_34 /* Socket */ = {
			isa = PBXNativeTarget;
			buildConfigurationList = OBJ_35 /* Build configuration list for PBXNativeTarget "Socket" */;
			buildPhases = (
				OBJ_38 /* Sources */,
				OBJ_42 /* Frameworks */,
			);
			buildRules = (
			);
			dependencies = (
			);
			name = Socket;
			productName = Socket;
			productReference = OBJ_23 /* Socket.framework */;
			productType = "com.apple.product-type.framework";
		};
		OBJ_43 /* PinballServer */ = {
			isa = PBXNativeTarget;
			buildConfigurationList = OBJ_44 /* Build configuration list for PBXNativeTarget "PinballServer" */;
			buildPhases = (
				OBJ_47 /* Sources */,
				OBJ_49 /* Frameworks */,
			);
			buildRules = (
			);
			dependencies = (
				OBJ_52 /* PBXTargetDependency */,
				OBJ_53 /* PBXTargetDependency */,
			);
			name = PinballServer;
			productName = PinballServer;
			productReference = OBJ_24 /* PinballServer */;
			productType = "com.apple.product-type.tool";
		};
/* End PBXNativeTarget section */

/* Begin PBXProject section */
		OBJ_1 /* Project object */ = {
			isa = PBXProject;
			attributes = {
				LastUpgradeCheck = 9999;
			};
			buildConfigurationList = OBJ_2 /* Build configuration list for PBXProject "PinballServer" */;
			compatibilityVersion = "Xcode 3.2";
			developmentRegion = English;
			hasScannedForEncodings = 0;
			knownRegions = (
				en,
			);
			mainGroup = OBJ_5 /*  */;
			productRefGroup = OBJ_21 /* Products */;
			projectDirPath = "";
			projectRoot = "";
			targets = (
				OBJ_25 /* CommandLineKit */,
				OBJ_34 /* Socket */,
				OBJ_43 /* PinballServer */,
			);
		};
/* End PBXProject section */

/* Begin PBXSourcesBuildPhase section */
		OBJ_29 /* Sources */ = {
			isa = PBXSourcesBuildPhase;
			buildActionMask = 0;
			files = (
				OBJ_30 /* CommandLine.swift in Sources */,
				OBJ_31 /* Option.swift in Sources */,
				OBJ_32 /* StringExtensions.swift in Sources */,
			);
			runOnlyForDeploymentPostprocessing = 0;
		};
		OBJ_38 /* Sources */ = {
			isa = PBXSourcesBuildPhase;
			buildActionMask = 0;
			files = (
				OBJ_39 /* SocketProtocols.swift in Sources */,
				OBJ_40 /* SocketUtils.swift in Sources */,
				OBJ_41 /* Socket.swift in Sources */,
			);
			runOnlyForDeploymentPostprocessing = 0;
		};
		OBJ_47 /* Sources */ = {
			isa = PBXSourcesBuildPhase;
			buildActionMask = 0;
			files = (
				OBJ_48 /* main.swift in Sources */,
			);
			runOnlyForDeploymentPostprocessing = 0;
		};
/* End PBXSourcesBuildPhase section */

/* Begin PBXTargetDependency section */
		OBJ_52 /* PBXTargetDependency */ = {
			isa = PBXTargetDependency;
			target = OBJ_25 /* CommandLineKit */;
			targetProxy = A958AE731F4B69B100F653C5 /* PBXContainerItemProxy */;
		};
		OBJ_53 /* PBXTargetDependency */ = {
			isa = PBXTargetDependency;
			target = OBJ_34 /* Socket */;
			targetProxy = A958AE741F4B69B100F653C5 /* PBXContainerItemProxy */;
		};
/* End PBXTargetDependency section */

/* Begin XCBuildConfiguration section */
		OBJ_27 /* Debug */ = {
			isa = XCBuildConfiguration;
			buildSettings = {
				ENABLE_TESTABILITY = YES;
				FRAMEWORK_SEARCH_PATHS = (
					"$(inherited)",
					"$(PLATFORM_DIR)/Developer/Library/Frameworks",
				);
				HEADER_SEARCH_PATHS = "$(inherited)";
				INFOPLIST_FILE = PinballServer.xcodeproj/CommandLineKit_Info.plist;
				LD_RUNPATH_SEARCH_PATHS = "$(TOOLCHAIN_DIR)/usr/lib/swift/macosx";
				OTHER_LDFLAGS = "$(inherited)";
				OTHER_SWIFT_FLAGS = "$(inherited)";
				PRODUCT_BUNDLE_IDENTIFIER = CommandLineKit;
				PRODUCT_MODULE_NAME = "$(TARGET_NAME:c99extidentifier)";
				PRODUCT_NAME = "$(TARGET_NAME:c99extidentifier)";
				SKIP_INSTALL = YES;
				TARGET_NAME = CommandLineKit;
			};
			name = Debug;
		};
		OBJ_28 /* Release */ = {
			isa = XCBuildConfiguration;
			buildSettings = {
				ENABLE_TESTABILITY = YES;
				FRAMEWORK_SEARCH_PATHS = (
					"$(inherited)",
					"$(PLATFORM_DIR)/Developer/Library/Frameworks",
				);
				HEADER_SEARCH_PATHS = "$(inherited)";
				INFOPLIST_FILE = PinballServer.xcodeproj/CommandLineKit_Info.plist;
				LD_RUNPATH_SEARCH_PATHS = "$(TOOLCHAIN_DIR)/usr/lib/swift/macosx";
				OTHER_LDFLAGS = "$(inherited)";
				OTHER_SWIFT_FLAGS = "$(inherited)";
				PRODUCT_BUNDLE_IDENTIFIER = CommandLineKit;
				PRODUCT_MODULE_NAME = "$(TARGET_NAME:c99extidentifier)";
				PRODUCT_NAME = "$(TARGET_NAME:c99extidentifier)";
				SKIP_INSTALL = YES;
				TARGET_NAME = CommandLineKit;
			};
			name = Release;
		};
		OBJ_3 /* Debug */ = {
			isa = XCBuildConfiguration;
			buildSettings = {
				CLANG_ENABLE_OBJC_ARC = YES;
				COMBINE_HIDPI_IMAGES = YES;
				COPY_PHASE_STRIP = NO;
				DEBUG_INFORMATION_FORMAT = dwarf;
				DYLIB_INSTALL_NAME_BASE = "@rpath";
				ENABLE_NS_ASSERTIONS = YES;
				GCC_OPTIMIZATION_LEVEL = 0;
				MACOSX_DEPLOYMENT_TARGET = 10.10;
				ONLY_ACTIVE_ARCH = YES;
				OTHER_SWIFT_FLAGS = "-DXcode";
				PRODUCT_NAME = "$(TARGET_NAME)";
				SDKROOT = macosx;
				SUPPORTED_PLATFORMS = "macosx iphoneos iphonesimulator appletvos appletvsimulator watchos watchsimulator";
				SWIFT_ACTIVE_COMPILATION_CONDITIONS = SWIFT_PACKAGE;
				SWIFT_OPTIMIZATION_LEVEL = "-Onone";
				SWIFT_VERSION = 3.0;
				USE_HEADERMAP = NO;
			};
			name = Debug;
		};
		OBJ_36 /* Debug */ = {
			isa = XCBuildConfiguration;
			buildSettings = {
				ENABLE_TESTABILITY = YES;
				FRAMEWORK_SEARCH_PATHS = (
					"$(inherited)",
					"$(PLATFORM_DIR)/Developer/Library/Frameworks",
				);
				HEADER_SEARCH_PATHS = "$(inherited)";
				INFOPLIST_FILE = PinballServer.xcodeproj/Socket_Info.plist;
				LD_RUNPATH_SEARCH_PATHS = "$(TOOLCHAIN_DIR)/usr/lib/swift/macosx";
				OTHER_LDFLAGS = "$(inherited)";
				OTHER_SWIFT_FLAGS = "$(inherited)";
				PRODUCT_BUNDLE_IDENTIFIER = Socket;
				PRODUCT_MODULE_NAME = "$(TARGET_NAME:c99extidentifier)";
				PRODUCT_NAME = "$(TARGET_NAME:c99extidentifier)";
				SKIP_INSTALL = YES;
				TARGET_NAME = Socket;
			};
			name = Debug;
		};
		OBJ_37 /* Release */ = {
			isa = XCBuildConfiguration;
			buildSettings = {
				ENABLE_TESTABILITY = YES;
				FRAMEWORK_SEARCH_PATHS = (
					"$(inherited)",
					"$(PLATFORM_DIR)/Developer/Library/Frameworks",
				);
				HEADER_SEARCH_PATHS = "$(inherited)";
				INFOPLIST_FILE = PinballServer.xcodeproj/Socket_Info.plist;
				LD_RUNPATH_SEARCH_PATHS = "$(TOOLCHAIN_DIR)/usr/lib/swift/macosx";
				OTHER_LDFLAGS = "$(inherited)";
				OTHER_SWIFT_FLAGS = "$(inherited)";
				PRODUCT_BUNDLE_IDENTIFIER = Socket;
				PRODUCT_MODULE_NAME = "$(TARGET_NAME:c99extidentifier)";
				PRODUCT_NAME = "$(TARGET_NAME:c99extidentifier)";
				SKIP_INSTALL = YES;
				TARGET_NAME = Socket;
			};
			name = Release;
		};
		OBJ_4 /* Release */ = {
			isa = XCBuildConfiguration;
			buildSettings = {
				CLANG_ENABLE_OBJC_ARC = YES;
				COMBINE_HIDPI_IMAGES = YES;
				COPY_PHASE_STRIP = YES;
				DEBUG_INFORMATION_FORMAT = "dwarf-with-dsym";
				DYLIB_INSTALL_NAME_BASE = "@rpath";
				GCC_OPTIMIZATION_LEVEL = s;
				MACOSX_DEPLOYMENT_TARGET = 10.10;
				OTHER_SWIFT_FLAGS = "-DXcode";
				PRODUCT_NAME = "$(TARGET_NAME)";
				SDKROOT = macosx;
				SUPPORTED_PLATFORMS = "macosx iphoneos iphonesimulator appletvos appletvsimulator watchos watchsimulator";
				SWIFT_ACTIVE_COMPILATION_CONDITIONS = SWIFT_PACKAGE;
				SWIFT_OPTIMIZATION_LEVEL = "-Owholemodule";
				SWIFT_VERSION = 3.0;
				USE_HEADERMAP = NO;
			};
			name = Release;
		};
		OBJ_45 /* Debug */ = {
			isa = XCBuildConfiguration;
			buildSettings = {
				FRAMEWORK_SEARCH_PATHS = (
					"$(inherited)",
					"$(PLATFORM_DIR)/Developer/Library/Frameworks",
				);
				HEADER_SEARCH_PATHS = "$(inherited)";
				INFOPLIST_FILE = PinballServer.xcodeproj/PinballServer_Info.plist;
				LD_RUNPATH_SEARCH_PATHS = "$(TOOLCHAIN_DIR)/usr/lib/swift/macosx @executable_path";
				OTHER_LDFLAGS = "$(inherited)";
				OTHER_SWIFT_FLAGS = "$(inherited)";
				SWIFT_FORCE_DYNAMIC_LINK_STDLIB = YES;
				SWIFT_FORCE_STATIC_LINK_STDLIB = NO;
				TARGET_NAME = PinballServer;
			};
			name = Debug;
		};
		OBJ_46 /* Release */ = {
			isa = XCBuildConfiguration;
			buildSettings = {
				FRAMEWORK_SEARCH_PATHS = (
					"$(inherited)",
					"$(PLATFORM_DIR)/Developer/Library/Frameworks",
				);
				HEADER_SEARCH_PATHS = "$(inherited)";
				INFOPLIST_FILE = PinballServer.xcodeproj/PinballServer_Info.plist;
				LD_RUNPATH_SEARCH_PATHS = "$(TOOLCHAIN_DIR)/usr/lib/swift/macosx @executable_path";
				OTHER_LDFLAGS = "$(inherited)";
				OTHER_SWIFT_FLAGS = "$(inherited)";
				SWIFT_FORCE_DYNAMIC_LINK_STDLIB = YES;
				SWIFT_FORCE_STATIC_LINK_STDLIB = NO;
				TARGET_NAME = PinballServer;
			};
			name = Release;
		};
/* End XCBuildConfiguration section */

/* Begin XCConfigurationList section */
		OBJ_2 /* Build configuration list for PBXProject "PinballServer" */ = {
			isa = XCConfigurationList;
			buildConfigurations = (
				OBJ_3 /* Debug */,
				OBJ_4 /* Release */,
			);
			defaultConfigurationIsVisible = 0;
			defaultConfigurationName = Debug;
		};
		OBJ_26 /* Build configuration list for PBXNativeTarget "CommandLineKit" */ = {
			isa = XCConfigurationList;
			buildConfigurations = (
				OBJ_27 /* Debug */,
				OBJ_28 /* Release */,
			);
			defaultConfigurationIsVisible = 0;
			defaultConfigurationName = Debug;
		};
		OBJ_35 /* Build configuration list for PBXNativeTarget "Socket" */ = {
			isa = XCConfigurationList;
			buildConfigurations = (
				OBJ_36 /* Debug */,
				OBJ_37 /* Release */,
			);
			defaultConfigurationIsVisible = 0;
			defaultConfigurationName = Debug;
		};
		OBJ_44 /* Build configuration list for PBXNativeTarget "PinballServer" */ = {
			isa = XCConfigurationList;
			buildConfigurations = (
				OBJ_45 /* Debug */,
				OBJ_46 /* Release */,
			);
			defaultConfigurationIsVisible = 0;
			defaultConfigurationName = Debug;
		};
/* End XCConfigurationList section */
	};
	rootObject = OBJ_1 /* Project object */;
}
