// !$*UTF8*$!
{
	archiveVersion = 1;
	classes = {
	};
	objectVersion = 46;
	objects = {

/* Begin PBXBuildFile section */
		4603BCCE1F3CC2D7007CAE19 /* CameraCaptureHelper.swift in Sources */ = {isa = PBXBuildFile; fileRef = 4603BCCD1F3CC2D7007CAE19 /* CameraCaptureHelper.swift */; };
		4618932C1F3B577A00AA4599 /* Localizations.swift in Sources */ = {isa = PBXBuildFile; fileRef = 4618932B1F3B577A00AA4599 /* Localizations.swift */; };
		4618932E1F3B57C500AA4599 /* Laba.framework in Frameworks */ = {isa = PBXBuildFile; fileRef = 4618932D1F3B57C500AA4599 /* Laba.framework */; };
		4618932F1F3B57C500AA4599 /* Laba.framework in Embed Frameworks */ = {isa = PBXBuildFile; fileRef = 4618932D1F3B57C500AA4599 /* Laba.framework */; settings = {ATTRIBUTES = (CodeSignOnCopy, RemoveHeadersOnCopy, ); }; };
		461893311F3B57C500AA4599 /* MKTween.framework in Frameworks */ = {isa = PBXBuildFile; fileRef = 461893301F3B57C500AA4599 /* MKTween.framework */; };
		461893321F3B57C500AA4599 /* MKTween.framework in Embed Frameworks */ = {isa = PBXBuildFile; fileRef = 461893301F3B57C500AA4599 /* MKTween.framework */; settings = {ATTRIBUTES = (CodeSignOnCopy, RemoveHeadersOnCopy, ); }; };
		461893341F3B57C500AA4599 /* PlanetSwift.framework in Frameworks */ = {isa = PBXBuildFile; fileRef = 461893331F3B57C500AA4599 /* PlanetSwift.framework */; };
		461893351F3B57C500AA4599 /* PlanetSwift.framework in Embed Frameworks */ = {isa = PBXBuildFile; fileRef = 461893331F3B57C500AA4599 /* PlanetSwift.framework */; settings = {ATTRIBUTES = (CodeSignOnCopy, RemoveHeadersOnCopy, ); }; };
		461893391F3B58C300AA4599 /* MainController.swift in Sources */ = {isa = PBXBuildFile; fileRef = 461893381F3B58C300AA4599 /* MainController.swift */; };
		4618933B1F3B592800AA4599 /* Assets in Resources */ = {isa = PBXBuildFile; fileRef = 4618933A1F3B592800AA4599 /* Assets */; };
		4632CB111F3B53BE00359AA3 /* AppDelegate.swift in Sources */ = {isa = PBXBuildFile; fileRef = 4632CB101F3B53BE00359AA3 /* AppDelegate.swift */; };
		4632CB161F3B53BE00359AA3 /* Main.storyboard in Resources */ = {isa = PBXBuildFile; fileRef = 4632CB141F3B53BE00359AA3 /* Main.storyboard */; };
		4632CB181F3B53BE00359AA3 /* Assets.xcassets in Resources */ = {isa = PBXBuildFile; fileRef = 4632CB171F3B53BE00359AA3 /* Assets.xcassets */; };
		4632CB1B1F3B53BE00359AA3 /* LaunchScreen.storyboard in Resources */ = {isa = PBXBuildFile; fileRef = 4632CB191F3B53BE00359AA3 /* LaunchScreen.storyboard */; };
		4637FD601F41E99800A2BC55 /* RemoteController.swift in Sources */ = {isa = PBXBuildFile; fileRef = 4637FD5F1F41E98C00A2BC55 /* RemoteController.swift */; };
		46530BCA1F72BA1B00D9AB7A /* locking.swift in Sources */ = {isa = PBXBuildFile; fileRef = 46530BC91F72BA1B00D9AB7A /* locking.swift */; };
		465F737F1F493AF6002CFF71 /* PlayController.swift in Sources */ = {isa = PBXBuildFile; fileRef = 465F737E1F493AF2002CFF71 /* PlayController.swift */; };
		46C402851F3CB4DF00C46E3C /* UIControl+Closures.swift in Sources */ = {isa = PBXBuildFile; fileRef = 46C402841F3CB4DF00C46E3C /* UIControl+Closures.swift */; };
		46C402881F3CB5A100C46E3C /* CaptureController.swift in Sources */ = {isa = PBXBuildFile; fileRef = 46C402871F3CB54700C46E3C /* CaptureController.swift */; };
		46C4028B1F3CBB3000C46E3C /* ControlController.swift in Sources */ = {isa = PBXBuildFile; fileRef = 46C4028A1F3CBB2500C46E3C /* ControlController.swift */; };
		A96E2E171F87FC0A00DCE831 /* tng_delta_1i2a.mlmodel in Sources */ = {isa = PBXBuildFile; fileRef = A96E2E161F87FC0900DCE831 /* tng_delta_1i2a.mlmodel */; };
		A9C946421F3E0AB200CEA23C /* PinballInterface.swift in Sources */ = {isa = PBXBuildFile; fileRef = A9C946411F3E0AB200CEA23C /* PinballInterface.swift */; };
		A9EE3DBE1F4B78980086FDD3 /* Socket.framework in Frameworks */ = {isa = PBXBuildFile; fileRef = A9EE3DBD1F4B78980086FDD3 /* Socket.framework */; };
		A9EE3DBF1F4B78980086FDD3 /* Socket.framework in Embed Frameworks */ = {isa = PBXBuildFile; fileRef = A9EE3DBD1F4B78980086FDD3 /* Socket.framework */; settings = {ATTRIBUTES = (CodeSignOnCopy, RemoveHeadersOnCopy, ); }; };
/* End PBXBuildFile section */

/* Begin PBXCopyFilesBuildPhase section */
		461893361F3B57C500AA4599 /* Embed Frameworks */ = {
			isa = PBXCopyFilesBuildPhase;
			buildActionMask = 2147483647;
			dstPath = "";
			dstSubfolderSpec = 10;
			files = (
				461893321F3B57C500AA4599 /* MKTween.framework in Embed Frameworks */,
				A9EE3DBF1F4B78980086FDD3 /* Socket.framework in Embed Frameworks */,
				4618932F1F3B57C500AA4599 /* Laba.framework in Embed Frameworks */,
				461893351F3B57C500AA4599 /* PlanetSwift.framework in Embed Frameworks */,
			);
			name = "Embed Frameworks";
			runOnlyForDeploymentPostprocessing = 0;
		};
/* End PBXCopyFilesBuildPhase section */

/* Begin PBXFileReference section */
		4603BCCD1F3CC2D7007CAE19 /* CameraCaptureHelper.swift */ = {isa = PBXFileReference; lastKnownFileType = sourcecode.swift; path = CameraCaptureHelper.swift; sourceTree = "<group>"; };
		4618932B1F3B577A00AA4599 /* Localizations.swift */ = {isa = PBXFileReference; fileEncoding = 4; lastKnownFileType = sourcecode.swift; path = Localizations.swift; sourceTree = "<group>"; };
		4618932D1F3B57C500AA4599 /* Laba.framework */ = {isa = PBXFileReference; explicitFileType = wrapper.framework; path = Laba.framework; sourceTree = BUILT_PRODUCTS_DIR; };
		461893301F3B57C500AA4599 /* MKTween.framework */ = {isa = PBXFileReference; explicitFileType = wrapper.framework; path = MKTween.framework; sourceTree = BUILT_PRODUCTS_DIR; };
		461893331F3B57C500AA4599 /* PlanetSwift.framework */ = {isa = PBXFileReference; explicitFileType = wrapper.framework; path = PlanetSwift.framework; sourceTree = BUILT_PRODUCTS_DIR; };
		461893381F3B58C300AA4599 /* MainController.swift */ = {isa = PBXFileReference; fileEncoding = 4; lastKnownFileType = sourcecode.swift; path = MainController.swift; sourceTree = "<group>"; };
		4618933A1F3B592800AA4599 /* Assets */ = {isa = PBXFileReference; lastKnownFileType = folder; path = Assets; sourceTree = "<group>"; };
		4632CB0D1F3B53BE00359AA3 /* smallplanet_Pinball.app */ = {isa = PBXFileReference; explicitFileType = wrapper.application; includeInIndex = 0; path = smallplanet_Pinball.app; sourceTree = BUILT_PRODUCTS_DIR; };
		4632CB101F3B53BE00359AA3 /* AppDelegate.swift */ = {isa = PBXFileReference; lastKnownFileType = sourcecode.swift; path = AppDelegate.swift; sourceTree = "<group>"; };
		4632CB151F3B53BE00359AA3 /* Base */ = {isa = PBXFileReference; lastKnownFileType = file.storyboard; name = Base; path = Base.lproj/Main.storyboard; sourceTree = "<group>"; };
		4632CB171F3B53BE00359AA3 /* Assets.xcassets */ = {isa = PBXFileReference; lastKnownFileType = folder.assetcatalog; path = Assets.xcassets; sourceTree = "<group>"; };
		4632CB1A1F3B53BE00359AA3 /* Base */ = {isa = PBXFileReference; lastKnownFileType = file.storyboard; name = Base; path = Base.lproj/LaunchScreen.storyboard; sourceTree = "<group>"; };
		4632CB1C1F3B53BE00359AA3 /* Info.plist */ = {isa = PBXFileReference; lastKnownFileType = text.plist.xml; path = Info.plist; sourceTree = "<group>"; };
		4637FD5F1F41E98C00A2BC55 /* RemoteController.swift */ = {isa = PBXFileReference; lastKnownFileType = sourcecode.swift; path = RemoteController.swift; sourceTree = "<group>"; };
		46530BC91F72BA1B00D9AB7A /* locking.swift */ = {isa = PBXFileReference; lastKnownFileType = sourcecode.swift; path = locking.swift; sourceTree = "<group>"; };
		465F737E1F493AF2002CFF71 /* PlayController.swift */ = {isa = PBXFileReference; lastKnownFileType = sourcecode.swift; path = PlayController.swift; sourceTree = "<group>"; };
		46C402841F3CB4DF00C46E3C /* UIControl+Closures.swift */ = {isa = PBXFileReference; lastKnownFileType = sourcecode.swift; path = "UIControl+Closures.swift"; sourceTree = "<group>"; };
		46C402871F3CB54700C46E3C /* CaptureController.swift */ = {isa = PBXFileReference; lastKnownFileType = sourcecode.swift; path = CaptureController.swift; sourceTree = "<group>"; };
		46C4028A1F3CBB2500C46E3C /* ControlController.swift */ = {isa = PBXFileReference; lastKnownFileType = sourcecode.swift; path = ControlController.swift; sourceTree = "<group>"; };
		A96E2E161F87FC0900DCE831 /* tng_delta_1i2a.mlmodel */ = {isa = PBXFileReference; lastKnownFileType = file.mlmodel; path = tng_delta_1i2a.mlmodel; sourceTree = "<group>"; };
		A9C946411F3E0AB200CEA23C /* PinballInterface.swift */ = {isa = PBXFileReference; lastKnownFileType = sourcecode.swift; path = PinballInterface.swift; sourceTree = "<group>"; };
		A9EE3DBD1F4B78980086FDD3 /* Socket.framework */ = {isa = PBXFileReference; explicitFileType = wrapper.framework; path = Socket.framework; sourceTree = BUILT_PRODUCTS_DIR; };
/* End PBXFileReference section */

/* Begin PBXFrameworksBuildPhase section */
		4632CB0A1F3B53BE00359AA3 /* Frameworks */ = {
			isa = PBXFrameworksBuildPhase;
			buildActionMask = 2147483647;
			files = (
				461893311F3B57C500AA4599 /* MKTween.framework in Frameworks */,
				A9EE3DBE1F4B78980086FDD3 /* Socket.framework in Frameworks */,
				4618932E1F3B57C500AA4599 /* Laba.framework in Frameworks */,
				461893341F3B57C500AA4599 /* PlanetSwift.framework in Frameworks */,
			);
			runOnlyForDeploymentPostprocessing = 0;
		};
/* End PBXFrameworksBuildPhase section */

/* Begin PBXGroup section */
		461893371F3B58C300AA4599 /* main */ = {
			isa = PBXGroup;
			children = (
				461893381F3B58C300AA4599 /* MainController.swift */,
			);
			path = main;
			sourceTree = "<group>";
		};
		4632CB041F3B53BE00359AA3 = {
			isa = PBXGroup;
			children = (
				A9EE3DBD1F4B78980086FDD3 /* Socket.framework */,
				465F737A1F493915002CFF71 /* PinballModels */,
				461893331F3B57C500AA4599 /* PlanetSwift.framework */,
				461893301F3B57C500AA4599 /* MKTween.framework */,
				4618932D1F3B57C500AA4599 /* Laba.framework */,
				4618933A1F3B592800AA4599 /* Assets */,
				4632CB0F1F3B53BE00359AA3 /* smallplanet_Pinball */,
				4632CB0E1F3B53BE00359AA3 /* Products */,
			);
			sourceTree = "<group>";
		};
		4632CB0E1F3B53BE00359AA3 /* Products */ = {
			isa = PBXGroup;
			children = (
				4632CB0D1F3B53BE00359AA3 /* smallplanet_Pinball.app */,
			);
			name = Products;
			sourceTree = "<group>";
		};
		4632CB0F1F3B53BE00359AA3 /* smallplanet_Pinball */ = {
			isa = PBXGroup;
			children = (
				465F737D1F493AF2002CFF71 /* play */,
				4637FD5E1F41E98C00A2BC55 /* remote */,
				46C402891F3CBB2500C46E3C /* control */,
				46C402861F3CB54700C46E3C /* capture */,
				461893371F3B58C300AA4599 /* main */,
				4618932B1F3B577A00AA4599 /* Localizations.swift */,
				A9C946411F3E0AB200CEA23C /* PinballInterface.swift */,
				46C402841F3CB4DF00C46E3C /* UIControl+Closures.swift */,
				4632CB101F3B53BE00359AA3 /* AppDelegate.swift */,
				4632CB141F3B53BE00359AA3 /* Main.storyboard */,
				4632CB171F3B53BE00359AA3 /* Assets.xcassets */,
				4632CB191F3B53BE00359AA3 /* LaunchScreen.storyboard */,
				4632CB1C1F3B53BE00359AA3 /* Info.plist */,
			);
			path = smallplanet_Pinball;
			sourceTree = "<group>";
		};
		4637FD5E1F41E98C00A2BC55 /* remote */ = {
			isa = PBXGroup;
			children = (
				4637FD5F1F41E98C00A2BC55 /* RemoteController.swift */,
			);
			path = remote;
			sourceTree = "<group>";
		};
		465F737A1F493915002CFF71 /* PinballModels */ = {
			isa = PBXGroup;
			children = (
				A96E2E161F87FC0900DCE831 /* tng_delta_1i2a.mlmodel */,
			);
			path = PinballModels;
			sourceTree = "<group>";
		};
		465F737D1F493AF2002CFF71 /* play */ = {
			isa = PBXGroup;
			children = (
				465F737E1F493AF2002CFF71 /* PlayController.swift */,
			);
			path = play;
			sourceTree = "<group>";
		};
		46C402861F3CB54700C46E3C /* capture */ = {
			isa = PBXGroup;
			children = (
				46530BC91F72BA1B00D9AB7A /* locking.swift */,
				46C402871F3CB54700C46E3C /* CaptureController.swift */,
				4603BCCD1F3CC2D7007CAE19 /* CameraCaptureHelper.swift */,
			);
			path = capture;
			sourceTree = "<group>";
		};
		46C402891F3CBB2500C46E3C /* control */ = {
			isa = PBXGroup;
			children = (
				46C4028A1F3CBB2500C46E3C /* ControlController.swift */,
			);
			path = control;
			sourceTree = "<group>";
		};
/* End PBXGroup section */

/* Begin PBXNativeTarget section */
		4632CB0C1F3B53BE00359AA3 /* smallplanet_Pinball */ = {
			isa = PBXNativeTarget;
			buildConfigurationList = 4632CB1F1F3B53BE00359AA3 /* Build configuration list for PBXNativeTarget "smallplanet_Pinball" */;
			buildPhases = (
				4618932A1F3B56AB00AA4599 /* Laurine */,
				4632CB091F3B53BE00359AA3 /* Sources */,
				4632CB0A1F3B53BE00359AA3 /* Frameworks */,
				4632CB0B1F3B53BE00359AA3 /* Resources */,
				461893361F3B57C500AA4599 /* Embed Frameworks */,
			);
			buildRules = (
			);
			dependencies = (
			);
			name = smallplanet_Pinball;
			productName = smallplanet_Pinball;
			productReference = 4632CB0D1F3B53BE00359AA3 /* smallplanet_Pinball.app */;
			productType = "com.apple.product-type.application";
		};
/* End PBXNativeTarget section */

/* Begin PBXProject section */
		4632CB051F3B53BE00359AA3 /* Project object */ = {
			isa = PBXProject;
			attributes = {
				LastSwiftUpdateCheck = 0830;
				LastUpgradeCheck = 0830;
				ORGANIZATIONNAME = "Rocco Bowling";
				TargetAttributes = {
					4632CB0C1F3B53BE00359AA3 = {
						CreatedOnToolsVersion = 8.3.2;
						DevelopmentTeam = 4WR66L3TZA;
						ProvisioningStyle = Automatic;
					};
				};
			};
			buildConfigurationList = 4632CB081F3B53BE00359AA3 /* Build configuration list for PBXProject "smallplanet_Pinball" */;
			compatibilityVersion = "Xcode 3.2";
			developmentRegion = English;
			hasScannedForEncodings = 0;
			knownRegions = (
				en,
				Base,
			);
			mainGroup = 4632CB041F3B53BE00359AA3;
			productRefGroup = 4632CB0E1F3B53BE00359AA3 /* Products */;
			projectDirPath = "";
			projectRoot = "";
			targets = (
				4632CB0C1F3B53BE00359AA3 /* smallplanet_Pinball */,
			);
		};
/* End PBXProject section */

/* Begin PBXResourcesBuildPhase section */
		4632CB0B1F3B53BE00359AA3 /* Resources */ = {
			isa = PBXResourcesBuildPhase;
			buildActionMask = 2147483647;
			files = (
				4632CB1B1F3B53BE00359AA3 /* LaunchScreen.storyboard in Resources */,
				4618933B1F3B592800AA4599 /* Assets in Resources */,
				4632CB181F3B53BE00359AA3 /* Assets.xcassets in Resources */,
				4632CB161F3B53BE00359AA3 /* Main.storyboard in Resources */,
			);
			runOnlyForDeploymentPostprocessing = 0;
		};
/* End PBXResourcesBuildPhase section */

/* Begin PBXShellScriptBuildPhase section */
		4618932A1F3B56AB00AA4599 /* Laurine */ = {
			isa = PBXShellScriptBuildPhase;
			buildActionMask = 2147483647;
			files = (
			);
			inputPaths = (
			);
			name = Laurine;
			outputPaths = (
			);
			runOnlyForDeploymentPostprocessing = 0;
			shellPath = /bin/sh;
			shellScript = "set -x\n\n# Get base path to project\nBASE_PATH=\"$PROJECT_DIR/$PROJECT_NAME\"\n\n#--------- START OF YOUR CONFIGURATION (change Path_To_.. to fit)\n\n# Get path to Laurine Generator script\nLAURINE_PATH=\"$BASE_PATH/LaurineGenerator.swift\"\n\n# Get path to main localization file (usually english).\nSOURCE_PATH=\"$BASE_PATH/Localizations/en/Localizable.strings\"\n\n# Get path to output. If you use ObjC version of output, set implementation file (.m), as header will be generated automatically\nOUTPUT_PATH=\"$BASE_PATH/Localizations.swift\"\n\n#--------- END OF YOUR CONFIGURATION\n\n# Add permission to generator for script execution\nchmod 755 \"$LAURINE_PATH\"\n\n# Actually generate output. -- CUSTOMIZE -- parameters to your needs (see documentation).\n# Will only re-generate script if something changed\nif [ \"$OUTPUT_PATH\" -ot \"$SOURCE_PATH\" ]; then\n\"$LAURINE_PATH\" -i \"$SOURCE_PATH\" -o \"$OUTPUT_PATH\"\nfi";
		};
/* End PBXShellScriptBuildPhase section */

/* Begin PBXSourcesBuildPhase section */
		4632CB091F3B53BE00359AA3 /* Sources */ = {
			isa = PBXSourcesBuildPhase;
			buildActionMask = 2147483647;
			files = (
				465F737F1F493AF6002CFF71 /* PlayController.swift in Sources */,
				4637FD601F41E99800A2BC55 /* RemoteController.swift in Sources */,
				46C4028B1F3CBB3000C46E3C /* ControlController.swift in Sources */,
				46C402881F3CB5A100C46E3C /* CaptureController.swift in Sources */,
				A96E2E171F87FC0A00DCE831 /* tng_delta_1i2a.mlmodel in Sources */,
				461893391F3B58C300AA4599 /* MainController.swift in Sources */,
				46C402851F3CB4DF00C46E3C /* UIControl+Closures.swift in Sources */,
				46530BCA1F72BA1B00D9AB7A /* locking.swift in Sources */,
				A9C946421F3E0AB200CEA23C /* PinballInterface.swift in Sources */,
				4632CB111F3B53BE00359AA3 /* AppDelegate.swift in Sources */,
				4618932C1F3B577A00AA4599 /* Localizations.swift in Sources */,
				4603BCCE1F3CC2D7007CAE19 /* CameraCaptureHelper.swift in Sources */,
			);
			runOnlyForDeploymentPostprocessing = 0;
		};
/* End PBXSourcesBuildPhase section */

/* Begin PBXVariantGroup section */
		4632CB141F3B53BE00359AA3 /* Main.storyboard */ = {
			isa = PBXVariantGroup;
			children = (
				4632CB151F3B53BE00359AA3 /* Base */,
			);
			name = Main.storyboard;
			sourceTree = "<group>";
		};
		4632CB191F3B53BE00359AA3 /* LaunchScreen.storyboard */ = {
			isa = PBXVariantGroup;
			children = (
				4632CB1A1F3B53BE00359AA3 /* Base */,
			);
			name = LaunchScreen.storyboard;
			sourceTree = "<group>";
		};
/* End PBXVariantGroup section */

/* Begin XCBuildConfiguration section */
		4632CB1D1F3B53BE00359AA3 /* Debug */ = {
			isa = XCBuildConfiguration;
			buildSettings = {
				ALWAYS_SEARCH_USER_PATHS = NO;
				CLANG_ANALYZER_NONNULL = YES;
				CLANG_ANALYZER_NUMBER_OBJECT_CONVERSION = YES_AGGRESSIVE;
				CLANG_CXX_LANGUAGE_STANDARD = "gnu++0x";
				CLANG_CXX_LIBRARY = "libc++";
				CLANG_ENABLE_MODULES = YES;
				CLANG_ENABLE_OBJC_ARC = YES;
				CLANG_WARN_BOOL_CONVERSION = YES;
				CLANG_WARN_CONSTANT_CONVERSION = YES;
				CLANG_WARN_DIRECT_OBJC_ISA_USAGE = YES_ERROR;
				CLANG_WARN_DOCUMENTATION_COMMENTS = YES;
				CLANG_WARN_EMPTY_BODY = YES;
				CLANG_WARN_ENUM_CONVERSION = YES;
				CLANG_WARN_INFINITE_RECURSION = YES;
				CLANG_WARN_INT_CONVERSION = YES;
				CLANG_WARN_OBJC_ROOT_CLASS = YES_ERROR;
				CLANG_WARN_SUSPICIOUS_MOVE = YES;
				CLANG_WARN_UNREACHABLE_CODE = YES;
				CLANG_WARN__DUPLICATE_METHOD_MATCH = YES;
				"CODE_SIGN_IDENTITY[sdk=iphoneos*]" = "iPhone Developer";
				COPY_PHASE_STRIP = NO;
				DEBUG_INFORMATION_FORMAT = dwarf;
				ENABLE_STRICT_OBJC_MSGSEND = YES;
				ENABLE_TESTABILITY = YES;
				GCC_C_LANGUAGE_STANDARD = gnu99;
				GCC_DYNAMIC_NO_PIC = NO;
				GCC_NO_COMMON_BLOCKS = YES;
				GCC_OPTIMIZATION_LEVEL = 0;
				GCC_PREPROCESSOR_DEFINITIONS = (
					"DEBUG=1",
					"$(inherited)",
				);
				GCC_WARN_64_TO_32_BIT_CONVERSION = YES;
				GCC_WARN_ABOUT_RETURN_TYPE = YES_ERROR;
				GCC_WARN_UNDECLARED_SELECTOR = YES;
				GCC_WARN_UNINITIALIZED_AUTOS = YES_AGGRESSIVE;
				GCC_WARN_UNUSED_FUNCTION = YES;
				GCC_WARN_UNUSED_VARIABLE = YES;
				IPHONEOS_DEPLOYMENT_TARGET = 10.3;
				MTL_ENABLE_DEBUG_INFO = YES;
				ONLY_ACTIVE_ARCH = YES;
				SDKROOT = iphoneos;
				SWIFT_ACTIVE_COMPILATION_CONDITIONS = DEBUG;
				SWIFT_OPTIMIZATION_LEVEL = "-Onone";
				TARGETED_DEVICE_FAMILY = "1,2";
			};
			name = Debug;
		};
		4632CB1E1F3B53BE00359AA3 /* Release */ = {
			isa = XCBuildConfiguration;
			buildSettings = {
				ALWAYS_SEARCH_USER_PATHS = NO;
				CLANG_ANALYZER_NONNULL = YES;
				CLANG_ANALYZER_NUMBER_OBJECT_CONVERSION = YES_AGGRESSIVE;
				CLANG_CXX_LANGUAGE_STANDARD = "gnu++0x";
				CLANG_CXX_LIBRARY = "libc++";
				CLANG_ENABLE_MODULES = YES;
				CLANG_ENABLE_OBJC_ARC = YES;
				CLANG_WARN_BOOL_CONVERSION = YES;
				CLANG_WARN_CONSTANT_CONVERSION = YES;
				CLANG_WARN_DIRECT_OBJC_ISA_USAGE = YES_ERROR;
				CLANG_WARN_DOCUMENTATION_COMMENTS = YES;
				CLANG_WARN_EMPTY_BODY = YES;
				CLANG_WARN_ENUM_CONVERSION = YES;
				CLANG_WARN_INFINITE_RECURSION = YES;
				CLANG_WARN_INT_CONVERSION = YES;
				CLANG_WARN_OBJC_ROOT_CLASS = YES_ERROR;
				CLANG_WARN_SUSPICIOUS_MOVE = YES;
				CLANG_WARN_UNREACHABLE_CODE = YES;
				CLANG_WARN__DUPLICATE_METHOD_MATCH = YES;
				"CODE_SIGN_IDENTITY[sdk=iphoneos*]" = "iPhone Developer";
				COPY_PHASE_STRIP = NO;
				DEBUG_INFORMATION_FORMAT = "dwarf-with-dsym";
				ENABLE_NS_ASSERTIONS = NO;
				ENABLE_STRICT_OBJC_MSGSEND = YES;
				GCC_C_LANGUAGE_STANDARD = gnu99;
				GCC_NO_COMMON_BLOCKS = YES;
				GCC_WARN_64_TO_32_BIT_CONVERSION = YES;
				GCC_WARN_ABOUT_RETURN_TYPE = YES_ERROR;
				GCC_WARN_UNDECLARED_SELECTOR = YES;
				GCC_WARN_UNINITIALIZED_AUTOS = YES_AGGRESSIVE;
				GCC_WARN_UNUSED_FUNCTION = YES;
				GCC_WARN_UNUSED_VARIABLE = YES;
				IPHONEOS_DEPLOYMENT_TARGET = 10.3;
				MTL_ENABLE_DEBUG_INFO = NO;
				SDKROOT = iphoneos;
				SWIFT_OPTIMIZATION_LEVEL = "-Owholemodule";
				TARGETED_DEVICE_FAMILY = "1,2";
				VALIDATE_PRODUCT = YES;
			};
			name = Release;
		};
		4632CB201F3B53BE00359AA3 /* Debug */ = {
			isa = XCBuildConfiguration;
			buildSettings = {
				ASSETCATALOG_COMPILER_APPICON_NAME = AppIcon;
				DEVELOPMENT_TEAM = 4WR66L3TZA;
				INFOPLIST_FILE = smallplanet_Pinball/Info.plist;
				IPHONEOS_DEPLOYMENT_TARGET = 11.0;
				LD_RUNPATH_SEARCH_PATHS = "$(inherited) @executable_path/Frameworks";
				PRODUCT_BUNDLE_IDENTIFIER = "com.smallplanet.smallplanet-Pinball";
				PRODUCT_NAME = "$(TARGET_NAME)";
				SWIFT_VERSION = 4.0;
			};
			name = Debug;
		};
		4632CB211F3B53BE00359AA3 /* Release */ = {
			isa = XCBuildConfiguration;
			buildSettings = {
				ASSETCATALOG_COMPILER_APPICON_NAME = AppIcon;
				DEVELOPMENT_TEAM = 4WR66L3TZA;
				INFOPLIST_FILE = smallplanet_Pinball/Info.plist;
				IPHONEOS_DEPLOYMENT_TARGET = 11.0;
				LD_RUNPATH_SEARCH_PATHS = "$(inherited) @executable_path/Frameworks";
				PRODUCT_BUNDLE_IDENTIFIER = "com.smallplanet.smallplanet-Pinball";
				PRODUCT_NAME = "$(TARGET_NAME)";
				SWIFT_VERSION = 4.0;
			};
			name = Release;
		};
/* End XCBuildConfiguration section */

/* Begin XCConfigurationList section */
		4632CB081F3B53BE00359AA3 /* Build configuration list for PBXProject "smallplanet_Pinball" */ = {
			isa = XCConfigurationList;
			buildConfigurations = (
				4632CB1D1F3B53BE00359AA3 /* Debug */,
				4632CB1E1F3B53BE00359AA3 /* Release */,
			);
			defaultConfigurationIsVisible = 0;
			defaultConfigurationName = Release;
		};
		4632CB1F1F3B53BE00359AA3 /* Build configuration list for PBXNativeTarget "smallplanet_Pinball" */ = {
			isa = XCConfigurationList;
			buildConfigurations = (
				4632CB201F3B53BE00359AA3 /* Debug */,
				4632CB211F3B53BE00359AA3 /* Release */,
			);
			defaultConfigurationIsVisible = 0;
			defaultConfigurationName = Release;
		};
/* End XCConfigurationList section */
	};
	rootObject = 4632CB051F3B53BE00359AA3 /* Project object */;
}
